
Microsoft Visual Studio Solution File, Format Version 12.00
# Visual Studio Version 17
VisualStudioVersion = 17.2.32526.322
MinimumVisualStudioVersion = 10.0.40219.1
Project("{9A19103F-16F7-4668-BE54-9A1E7A4F7556}") = "UnitTest", "UnitTest\UnitTest.csproj", "{4C9A913E-A6A7-4F10-A29D-D8910E38CDCF}"
EndProject
Project("{9A19103F-16F7-4668-BE54-9A1E7A4F7556}") = "DataSources", "DataSources\DataSources.csproj", "{BA30D7BC-B066-4FF9-BD47-B31B269595F7}"
EndProject
Project("{9A19103F-16F7-4668-BE54-9A1E7A4F7556}") = "Rules", "Rules\Rules.csproj", "{0AC5829F-5870-4A05-A6AD-EB9660717988}"
EndProject
Project("{9A19103F-16F7-4668-BE54-9A1E7A4F7556}") = "FrontEnd", "FrontEnd\FrontEnd.csproj", "{177D7FC7-D86B-4416-B600-E270D160038E}"
EndProject
Project("{9A19103F-16F7-4668-BE54-9A1E7A4F7556}") = "FrontEnd_Console", "FrontEnd_Console\FrontEnd_Console.csproj", "{36575F6D-214C-4F91-A3A2-078C3BA223A8}"
EndProject
Project("{9A19103F-16F7-4668-BE54-9A1E7A4F7556}") = "Shared", "Shared\Shared.csproj", "{62342F1E-3444-42DB-A790-B67CE30A5BD9}"
EndProject
Project("{9A19103F-16F7-4668-BE54-9A1E7A4F7556}") = "DS_MySQL", "DS_MySQL\DS_MySQL.csproj", "{B6A9C7FB-B21F-4AF4-BAC4-4DFD2863F5DE}"
EndProject
Project("{FAE04EC0-301F-11D3-BF4B-00C04F79EFBC}") = "DS_MySQL_EF", "DS_MySQL_EF\DS_MySQL_EF.csproj", "{3B95A8BE-EEF3-444F-BB0E-CCA677200F84}"
EndProject
Global
	GlobalSection(SolutionConfigurationPlatforms) = preSolution
		Debug|Any CPU = Debug|Any CPU
		Release|Any CPU = Release|Any CPU
	EndGlobalSection
	GlobalSection(ProjectConfigurationPlatforms) = postSolution
		{4C9A913E-A6A7-4F10-A29D-D8910E38CDCF}.Debug|Any CPU.ActiveCfg = Debug|Any CPU
		{4C9A913E-A6A7-4F10-A29D-D8910E38CDCF}.Debug|Any CPU.Build.0 = Debug|Any CPU
		{4C9A913E-A6A7-4F10-A29D-D8910E38CDCF}.Release|Any CPU.ActiveCfg = Release|Any CPU
		{4C9A913E-A6A7-4F10-A29D-D8910E38CDCF}.Release|Any CPU.Build.0 = Release|Any CPU
		{BA30D7BC-B066-4FF9-BD47-B31B269595F7}.Debug|Any CPU.ActiveCfg = Debug|Any CPU
		{BA30D7BC-B066-4FF9-BD47-B31B269595F7}.Debug|Any CPU.Build.0 = Debug|Any CPU
		{BA30D7BC-B066-4FF9-BD47-B31B269595F7}.Release|Any CPU.ActiveCfg = Release|Any CPU
		{BA30D7BC-B066-4FF9-BD47-B31B269595F7}.Release|Any CPU.Build.0 = Release|Any CPU
		{0AC5829F-5870-4A05-A6AD-EB9660717988}.Debug|Any CPU.ActiveCfg = Debug|Any CPU
		{0AC5829F-5870-4A05-A6AD-EB9660717988}.Debug|Any CPU.Build.0 = Debug|Any CPU
		{0AC5829F-5870-4A05-A6AD-EB9660717988}.Release|Any CPU.ActiveCfg = Release|Any CPU
		{0AC5829F-5870-4A05-A6AD-EB9660717988}.Release|Any CPU.Build.0 = Release|Any CPU
		{177D7FC7-D86B-4416-B600-E270D160038E}.Debug|Any CPU.ActiveCfg = Debug|Any CPU
		{177D7FC7-D86B-4416-B600-E270D160038E}.Debug|Any CPU.Build.0 = Debug|Any CPU
		{177D7FC7-D86B-4416-B600-E270D160038E}.Release|Any CPU.ActiveCfg = Release|Any CPU
		{177D7FC7-D86B-4416-B600-E270D160038E}.Release|Any CPU.Build.0 = Release|Any CPU
		{36575F6D-214C-4F91-A3A2-078C3BA223A8}.Debug|Any CPU.ActiveCfg = Debug|Any CPU
		{36575F6D-214C-4F91-A3A2-078C3BA223A8}.Debug|Any CPU.Build.0 = Debug|Any CPU
		{36575F6D-214C-4F91-A3A2-078C3BA223A8}.Release|Any CPU.ActiveCfg = Release|Any CPU
		{36575F6D-214C-4F91-A3A2-078C3BA223A8}.Release|Any CPU.Build.0 = Release|Any CPU
		{62342F1E-3444-42DB-A790-B67CE30A5BD9}.Debug|Any CPU.ActiveCfg = Debug|Any CPU
		{62342F1E-3444-42DB-A790-B67CE30A5BD9}.Debug|Any CPU.Build.0 = Debug|Any CPU
		{62342F1E-3444-42DB-A790-B67CE30A5BD9}.Release|Any CPU.ActiveCfg = Release|Any CPU
		{62342F1E-3444-42DB-A790-B67CE30A5BD9}.Release|Any CPU.Build.0 = Release|Any CPU
		{B6A9C7FB-B21F-4AF4-BAC4-4DFD2863F5DE}.Debug|Any CPU.ActiveCfg = Debug|Any CPU
		{B6A9C7FB-B21F-4AF4-BAC4-4DFD2863F5DE}.Debug|Any CPU.Build.0 = Debug|Any CPU
		{B6A9C7FB-B21F-4AF4-BAC4-4DFD2863F5DE}.Release|Any CPU.ActiveCfg = Release|Any CPU
		{B6A9C7FB-B21F-4AF4-BAC4-4DFD2863F5DE}.Release|Any CPU.Build.0 = Release|Any CPU
		{3B95A8BE-EEF3-444F-BB0E-CCA677200F84}.Debug|Any CPU.ActiveCfg = Debug|Any CPU
		{3B95A8BE-EEF3-444F-BB0E-CCA677200F84}.Debug|Any CPU.Build.0 = Debug|Any CPU
		{3B95A8BE-EEF3-444F-BB0E-CCA677200F84}.Release|Any CPU.ActiveCfg = Release|Any CPU
		{3B95A8BE-EEF3-444F-BB0E-CCA677200F84}.Release|Any CPU.Build.0 = Release|Any CPU
	EndGlobalSection
	GlobalSection(SolutionProperties) = preSolution
		HideSolutionNode = FALSE
	EndGlobalSection
	GlobalSection(ExtensibilityGlobals) = postSolution
		SolutionGuid = {65C1C4A0-A7D6-4BB4-ABFD-04AA5E6486F5}
	EndGlobalSection
EndGlobal
